version = 1
revision = 2
requires-python = ">=3.12"

[[package]]
name = "bug-tracker"
version = "0.1.0"
source = { virtual = "." }
dependencies = [
    { name = "launchpadlib" },
]

[package.metadata]
requires-dist = [{ name = "launchpadlib", specifier = ">=2.1.0" }]

[[package]]
name = "distro"
version = "1.9.0"
source = { registry = "https://pypi.org/simple" }
sdist = { url = "https://files.pythonhosted.org/packages/fc/f8/98eea607f65de6527f8a2e8885fc8015d3e6f5775df186e443e0964a11c3/distro-1.9.0.tar.gz", hash = "sha256:2fa77c6fd8940f116ee1d6b94a2f90b13b5ea8d019b98bc8bafdcabcdd9bdbed", size = 60722, upload_time = "2023-12-24T09:54:32.31Z" }
wheels = [
    { url = "https://files.pythonhosted.org/packages/12/b3/231ffd4ab1fc9d679809f356cebee130ac7daa00d6d6f3206dd4fd137e9e/distro-1.9.0-py3-none-any.whl", hash = "sha256:7bffd925d65168f85027d8da9af6bddab658135b840670a223589bc0c8ef02b2", size = 20277, upload_time = "2023-12-24T09:54:30.421Z" },
]

[[package]]
name = "httplib2"
version = "0.22.0"
source = { registry = "https://pypi.org/simple" }
dependencies = [
    { name = "pyparsing" },
]
sdist = { url = "https://files.pythonhosted.org/packages/3d/ad/2371116b22d616c194aa25ec410c9c6c37f23599dcd590502b74db197584/httplib2-0.22.0.tar.gz", hash = "sha256:d7a10bc5ef5ab08322488bde8c726eeee5c8618723fdb399597ec58f3d82df81", size = 351116, upload_time = "2023-03-21T22:29:37.214Z" }
wheels = [
    { url = "https://files.pythonhosted.org/packages/a8/6c/d2fbdaaa5959339d53ba38e94c123e4e84b8fbc4b84beb0e70d7c1608486/httplib2-0.22.0-py3-none-any.whl", hash = "sha256:14ae0a53c1ba8f3d37e9e27cf37eabb0fb9980f435ba405d546948b009dd64dc", size = 96854, upload_time = "2023-03-21T22:29:35.683Z" },
]

[[package]]
name = "launchpadlib"
version = "2.1.0"
source = { registry = "https://pypi.org/simple" }
dependencies = [
    { name = "httplib2" },
    { name = "lazr-restfulclient" },
    { name = "lazr-uri" },
]
sdist = { url = "https://files.pythonhosted.org/packages/30/ec/e659321733decaafe95d4cf964ce360b153de48c5725d5f27cefe97bf5f8/launchpadlib-2.1.0.tar.gz", hash = "sha256:b4c25890bb75050d54c08123d2733156b78a59a2555f5461f69b0e44cd91242f", size = 209860, upload_time = "2025-01-16T17:59:42.055Z" }
wheels = [
    { url = "https://files.pythonhosted.org/packages/3a/a2/2fbbee98e88322446edc71a9ea662c8bf288e5199777545b4480d09bf3d1/launchpadlib-2.1.0-py3-none-any.whl", hash = "sha256:28ae51a8f09deb6506c7f72e47e21d37b28edba2a0d4a1bc7ebecca35168e2ac", size = 217563, upload_time = "2025-01-16T17:59:38.264Z" },
]

[[package]]
name = "lazr-restfulclient"
version = "0.14.6"
source = { registry = "https://pypi.org/simple" }
dependencies = [
    { name = "distro" },
    { name = "httplib2" },
    { name = "oauthlib" },
    { name = "setuptools" },
    { name = "six" },
    { name = "wadllib" },
]
sdist = { url = "https://files.pythonhosted.org/packages/ea/a3/45d80620a048c6f5d1acecbc244f00e65989914bca370a9179e3612aeec8/lazr.restfulclient-0.14.6.tar.gz", hash = "sha256:43f12a1d3948463b1462038c47b429dcb5e42e0ba7f2e16511b02ba5d2adffdb", size = 58590, upload_time = "2024-01-08T22:07:59.007Z" }
wheels = [
    { url = "https://files.pythonhosted.org/packages/6f/de/0588cc50519e5b7ec75742d3e7cb7234298c95ef580b97f0ed3ac8fbc891/lazr.restfulclient-0.14.6-py2.py3-none-any.whl", hash = "sha256:97e95b1d8f0ec7fed998b48aea773baf8dcab06cf78a4deb9a046af5cca0cea2", size = 67413, upload_time = "2024-01-08T22:07:56.57Z" },
]

[[package]]
name = "lazr-uri"
version = "1.0.7"
source = { registry = "https://pypi.org/simple" }
dependencies = [
    { name = "setuptools" },
]
sdist = { url = "https://files.pythonhosted.org/packages/58/53/de9135d731a077b1b4a30672720870abdb62577f18b1f323c87e6e61b96c/lazr_uri-1.0.7.tar.gz", hash = "sha256:ed0cf6f333e450114752afb1ce0c299c36ac4b109063eb50354c4f87f825a3ee", size = 20125, upload_time = "2024-12-09T15:26:49.874Z" }
wheels = [
    { url = "https://files.pythonhosted.org/packages/9f/86/e9ebca51e6da2715d3dbd46fffc016df0613feff6c4a4ae025a0b18b1935/lazr.uri-1.0.7-py3-none-any.whl", hash = "sha256:a11441f9a1b5f1788d186b31dabd55d6a968fbc2bb434256c45a2cd2f5404825", size = 21487, upload_time = "2024-12-09T15:26:48.017Z" },
]

[[package]]
name = "oauthlib"
version = "3.2.2"
source = { registry = "https://pypi.org/simple" }
sdist = { url = "https://files.pythonhosted.org/packages/6d/fa/fbf4001037904031639e6bfbfc02badfc7e12f137a8afa254df6c4c8a670/oauthlib-3.2.2.tar.gz", hash = "sha256:9859c40929662bec5d64f34d01c99e093149682a3f38915dc0655d5a633dd918", size = 177352, upload_time = "2022-10-17T20:04:27.471Z" }
wheels = [
    { url = "https://files.pythonhosted.org/packages/7e/80/cab10959dc1faead58dc8384a781dfbf93cb4d33d50988f7a69f1b7c9bbe/oauthlib-3.2.2-py3-none-any.whl", hash = "sha256:8139f29aac13e25d502680e9e19963e83f16838d48a0d71c287fe40e7067fbca", size = 151688, upload_time = "2022-10-17T20:04:24.037Z" },
]

[[package]]
name = "pyparsing"
version = "3.2.3"
source = { registry = "https://pypi.org/simple" }
sdist = { url = "https://files.pythonhosted.org/packages/bb/22/f1129e69d94ffff626bdb5c835506b3a5b4f3d070f17ea295e12c2c6f60f/pyparsing-3.2.3.tar.gz", hash = "sha256:b9c13f1ab8b3b542f72e28f634bad4de758ab3ce4546e4301970ad6fa77c38be", size = 1088608, upload_time = "2025-03-25T05:01:28.114Z" }
wheels = [
    { url = "https://files.pythonhosted.org/packages/05/e7/df2285f3d08fee213f2d041540fa4fc9ca6c2d44cf36d3a035bf2a8d2bcc/pyparsing-3.2.3-py3-none-any.whl", hash = "sha256:a749938e02d6fd0b59b356ca504a24982314bb090c383e3cf201c95ef7e2bfcf", size = 111120, upload_time = "2025-03-25T05:01:24.908Z" },
]

[[package]]
name = "setuptools"
version = "80.7.1"
source = { registry = "https://pypi.org/simple" }
sdist = { url = "https://files.pythonhosted.org/packages/9e/8b/dc1773e8e5d07fd27c1632c45c1de856ac3dbf09c0147f782ca6d990cf15/setuptools-80.7.1.tar.gz", hash = "sha256:f6ffc5f0142b1bd8d0ca94ee91b30c0ca862ffd50826da1ea85258a06fd94552", size = 1319188, upload_time = "2025-05-15T02:41:00.955Z" }
wheels = [
    { url = "https://files.pythonhosted.org/packages/a1/18/0e835c3a557dc5faffc8f91092f62fc337c1dab1066715842e7a4b318ec4/setuptools-80.7.1-py3-none-any.whl", hash = "sha256:ca5cc1069b85dc23070a6628e6bcecb3292acac802399c7f8edc0100619f9009", size = 1200776, upload_time = "2025-05-15T02:40:58.887Z" },
]

[[package]]
name = "six"
version = "1.17.0"
source = { registry = "https://pypi.org/simple" }
sdist = { url = "https://files.pythonhosted.org/packages/94/e7/b2c673351809dca68a0e064b6af791aa332cf192da575fd474ed7d6f16a2/six-1.17.0.tar.gz", hash = "sha256:ff70335d468e7eb6ec65b95b99d3a2836546063f63acc5171de367e834932a81", size = 34031, upload_time = "2024-12-04T17:35:28.174Z" }
wheels = [
    { url = "https://files.pythonhosted.org/packages/b7/ce/149a00dd41f10bc29e5921b496af8b574d8413afcd5e30dfa0ed46c2cc5e/six-1.17.0-py2.py3-none-any.whl", hash = "sha256:4721f391ed90541fddacab5acf947aa0d3dc7d27b2e1e8eda2be8970586c3274", size = 11050, upload_time = "2024-12-04T17:35:26.475Z" },
]

[[package]]
name = "wadllib"
version = "2.0.0"
source = { registry = "https://pypi.org/simple" }
dependencies = [
    { name = "lazr-uri" },
]
sdist = { url = "https://files.pythonhosted.org/packages/da/54/82866d8c2bf602ed9df52c8f8b7a45e94f8c2441b3d1e9e46d34f0e3270f/wadllib-2.0.0.tar.gz", hash = "sha256:1edbaf23e4fa34fea70c9b380baa2a139b1086ae489ebcccc4b3b65fc9737427", size = 65960, upload_time = "2024-10-11T13:32:52.169Z" }
wheels = [
    { url = "https://files.pythonhosted.org/packages/27/a1/3789e82241db565f25e2c6a69c6ebe79f3db84431e93760a4abb451822bd/wadllib-2.0.0-py3-none-any.whl", hash = "sha256:f8e0fc4f19c2c96b3ca8a091f04c86ca196ec9590d44c4d864320aa9533473ea", size = 61733, upload_time = "2024-10-11T13:32:49.289Z" },
]
